// !$*UTF8*$!
{
	archiveVersion = 1;
	classes = {
	};
	objectVersion = 77;
	objects = {

/* Begin PBXBuildFile section */
		CE4006C62ED9C0940054D39F /* AppSettings.plist in Resources */ = {isa = PBXBuildFile; fileRef = CE4006C52ED9C0940054D39F /* AppSettings.plist */; };
		CE7720642EEFFF50005AB565 /* FirebaseDatabase in Frameworks */ = {isa = PBXBuildFile; productRef = CE7720632EEFFF50005AB565 /* FirebaseDatabase */; };
		CE7720662EEFFF50005AB565 /* FirebaseInstallations in Frameworks */ = {isa = PBXBuildFile; productRef = CE7720652EEFFF50005AB565 /* FirebaseInstallations */; };
		CE7720682EEFFF50005AB565 /* FirebaseMessaging in Frameworks */ = {isa = PBXBuildFile; productRef = CE7720672EEFFF50005AB565 /* FirebaseMessaging */; };
		CE77206D2EF00037005AB565 /* FirebaseAuth in Frameworks */ = {isa = PBXBuildFile; productRef = CE77206C2EF00037005AB565 /* FirebaseAuth */; };
		CE77206F2EF00079005AB565 /* FirebaseAnalytics in Frameworks */ = {isa = PBXBuildFile; productRef = CE77206E2EF00079005AB565 /* FirebaseAnalytics */; };
		CEB7B8E72F2751190094E4B4 /* UserNotifications.framework in Frameworks */ = {isa = PBXBuildFile; fileRef = CEB7B8E62F2751190094E4B4 /* UserNotifications.framework */; };
		CEB7B9242F275B590094E4B4 /* GoogleService-Info.plist in Resources */ = {isa = PBXBuildFile; fileRef = CEB7B9232F275B590094E4B4 /* GoogleService-Info.plist */; };
		CEB7B9E52F276C400094E4B4 /* AppsFlyerLib-Static in Frameworks */ = {isa = PBXBuildFile; productRef = CEB7B9E42F276C400094E4B4 /* AppsFlyerLib-Static */; };
		FAE975882F5B185D002866BA /* Preview Assets.xcassets in Resources */ = {isa = PBXBuildFile; fileRef = FAE975832F5B185D002866BA /* Preview Assets.xcassets */; };
		FAE975892F5B185D002866BA /* Assets.xcassets in Resources */ = {isa = PBXBuildFile; fileRef = FAE975852F5B185D002866BA /* Assets.xcassets */; };
		FAE9758A2F5B185D002866BA /* MBShopView.swift in Sources */ = {isa = PBXBuildFile; fileRef = FAE9757F2F5B185D002866BA /* MBShopView.swift */; };
		FAE9758B2F5B185D002866BA /* MBDailyView.swift in Sources */ = {isa = PBXBuildFile; fileRef = FAE975732F5B185D002866BA /* MBDailyView.swift */; };
		FAE9758C2F5B185D002866BA /* ZZUser.swift in Sources */ = {isa = PBXBuildFile; fileRef = FAE975692F5B185D002866BA /* ZZUser.swift */; };
		FAE9758E2F5B185D002866BA /* MBShopViewModel.swift in Sources */ = {isa = PBXBuildFile; fileRef = FAE975802F5B185D002866BA /* MBShopViewModel.swift */; };
		FAE9758F2F5B185D002866BA /* MBSettingsView.swift in Sources */ = {isa = PBXBuildFile; fileRef = FAE9757D2F5B185D002866BA /* MBSettingsView.swift */; };
		FAE975912F5B185D002866BA /* GameViewModel.swift in Sources */ = {isa = PBXBuildFile; fileRef = FAE975762F5B185D002866BA /* GameViewModel.swift */; };
		FAE975922F5B185D002866BA /* PGMenuView.swift in Sources */ = {isa = PBXBuildFile; fileRef = FAE9757A2F5B185D002866BA /* PGMenuView.swift */; };
		FAE975932F5B185D002866BA /* IFSettingsViewModel.swift in Sources */ = {isa = PBXBuildFile; fileRef = FAE9757C2F5B185D002866BA /* IFSettingsViewModel.swift */; };
		FAE975942F5B185D002866BA /* MBAchievementsViewModel.swift in Sources */ = {isa = PBXBuildFile; fileRef = FAE975712F5B185D002866BA /* MBAchievementsViewModel.swift */; };
		FAE975982F5B185D002866BA /* LaneType.swift in Sources */ = {isa = PBXBuildFile; fileRef = FAE975772F5B185D002866BA /* LaneType.swift */; };
		FAE975992F5B185D002866BA /* GameView.swift in Sources */ = {isa = PBXBuildFile; fileRef = FAE975752F5B185D002866BA /* GameView.swift */; };
		FAE9759A2F5B185D002866BA /* MBAchievementsView.swift in Sources */ = {isa = PBXBuildFile; fileRef = FAE975702F5B185D002866BA /* MBAchievementsView.swift */; };
		FAE9759B2F5B185D002866BA /* ZZCoinBg.swift in Sources */ = {isa = PBXBuildFile; fileRef = FAE975672F5B185D002866BA /* ZZCoinBg.swift */; };
		FAE9759C2F5B185D002866BA /* ZZDeviceManager.swift in Sources */ = {isa = PBXBuildFile; fileRef = FAE975682F5B185D002866BA /* ZZDeviceManager.swift */; };
		FAE9759D2F5B185D002866BA /* PGLoaderView.swift in Sources */ = {isa = PBXBuildFile; fileRef = FAE975792F5B185D002866BA /* PGLoaderView.swift */; };
/* End PBXBuildFile section */

/* Begin PBXFileReference section */
		CE4006C52ED9C0940054D39F /* AppSettings.plist */ = {isa = PBXFileReference; lastKnownFileType = text.plist.xml; path = AppSettings.plist; sourceTree = "<group>"; };
		CE87285E2ED5D40800D557F3 /* IOSTemplate3.app */ = {isa = PBXFileReference; explicitFileType = wrapper.application; includeInIndex = 0; path = IOSTemplate3.app; sourceTree = BUILT_PRODUCTS_DIR; };
		CEB7B8E62F2751190094E4B4 /* UserNotifications.framework */ = {isa = PBXFileReference; lastKnownFileType = wrapper.framework; name = UserNotifications.framework; path = System/Library/Frameworks/UserNotifications.framework; sourceTree = SDKROOT; };
		CEB7B9232F275B590094E4B4 /* GoogleService-Info.plist */ = {isa = PBXFileReference; lastKnownFileType = text.plist.xml; path = "GoogleService-Info.plist"; sourceTree = "<group>"; };
		FAE975672F5B185D002866BA /* ZZCoinBg.swift */ = {isa = PBXFileReference; lastKnownFileType = sourcecode.swift; path = ZZCoinBg.swift; sourceTree = "<group>"; };
		FAE975682F5B185D002866BA /* ZZDeviceManager.swift */ = {isa = PBXFileReference; lastKnownFileType = sourcecode.swift; path = ZZDeviceManager.swift; sourceTree = "<group>"; };
		FAE975692F5B185D002866BA /* ZZUser.swift */ = {isa = PBXFileReference; lastKnownFileType = sourcecode.swift; path = ZZUser.swift; sourceTree = "<group>"; };
		FAE975702F5B185D002866BA /* MBAchievementsView.swift */ = {isa = PBXFileReference; lastKnownFileType = sourcecode.swift; path = MBAchievementsView.swift; sourceTree = "<group>"; };
		FAE975712F5B185D002866BA /* MBAchievementsViewModel.swift */ = {isa = PBXFileReference; lastKnownFileType = sourcecode.swift; path = MBAchievementsViewModel.swift; sourceTree = "<group>"; };
		FAE975732F5B185D002866BA /* MBDailyView.swift */ = {isa = PBXFileReference; lastKnownFileType = sourcecode.swift; path = MBDailyView.swift; sourceTree = "<group>"; };
		FAE975752F5B185D002866BA /* GameView.swift */ = {isa = PBXFileReference; lastKnownFileType = sourcecode.swift; path = GameView.swift; sourceTree = "<group>"; };
		FAE975762F5B185D002866BA /* GameViewModel.swift */ = {isa = PBXFileReference; lastKnownFileType = sourcecode.swift; path = GameViewModel.swift; sourceTree = "<group>"; };
		FAE975772F5B185D002866BA /* LaneType.swift */ = {isa = PBXFileReference; lastKnownFileType = sourcecode.swift; path = LaneType.swift; sourceTree = "<group>"; };
		FAE975792F5B185D002866BA /* PGLoaderView.swift */ = {isa = PBXFileReference; lastKnownFileType = sourcecode.swift; path = PGLoaderView.swift; sourceTree = "<group>"; };
		FAE9757A2F5B185D002866BA /* PGMenuView.swift */ = {isa = PBXFileReference; lastKnownFileType = sourcecode.swift; path = PGMenuView.swift; sourceTree = "<group>"; };
		FAE9757C2F5B185D002866BA /* IFSettingsViewModel.swift */ = {isa = PBXFileReference; lastKnownFileType = sourcecode.swift; path = IFSettingsViewModel.swift; sourceTree = "<group>"; };
		FAE9757D2F5B185D002866BA /* MBSettingsView.swift */ = {isa = PBXFileReference; lastKnownFileType = sourcecode.swift; path = MBSettingsView.swift; sourceTree = "<group>"; };
		FAE9757F2F5B185D002866BA /* MBShopView.swift */ = {isa = PBXFileReference; lastKnownFileType = sourcecode.swift; path = MBShopView.swift; sourceTree = "<group>"; };
		FAE975802F5B185D002866BA /* MBShopViewModel.swift */ = {isa = PBXFileReference; lastKnownFileType = sourcecode.swift; path = MBShopViewModel.swift; sourceTree = "<group>"; };
		FAE975832F5B185D002866BA /* Preview Assets.xcassets */ = {isa = PBXFileReference; lastKnownFileType = folder.assetcatalog; path = "Preview Assets.xcassets"; sourceTree = "<group>"; };
		FAE975852F5B185D002866BA /* Assets.xcassets */ = {isa = PBXFileReference; lastKnownFileType = folder.assetcatalog; path = Assets.xcassets; sourceTree = "<group>"; };
/* End PBXFileReference section */

/* Begin PBXFileSystemSynchronizedBuildFileExceptionSet section */
		CE8729D22ED7382100D557F3 /* Exceptions for "IOSTemplate3" folder in "IOSTemplate3" target */ = {
			isa = PBXFileSystemSynchronizedBuildFileExceptionSet;
			membershipExceptions = (
				Info.plist,
			);
			target = CE87285D2ED5D40800D557F3 /* IOSTemplate3 */;
		};
/* End PBXFileSystemSynchronizedBuildFileExceptionSet section */

/* Begin PBXFileSystemSynchronizedRootGroup section */
		CE8728602ED5D40800D557F3 /* IOSTemplate3 */ = {
			isa = PBXFileSystemSynchronizedRootGroup;
			exceptions = (
				CE8729D22ED7382100D557F3 /* Exceptions for "IOSTemplate3" folder in "IOSTemplate3" target */,
			);
			path = IOSTemplate3;
			sourceTree = "<group>";
		};
/* End PBXFileSystemSynchronizedRootGroup section */

/* Begin PBXFrameworksBuildPhase section */
		CE87285B2ED5D40800D557F3 /* Frameworks */ = {
			isa = PBXFrameworksBuildPhase;
			buildActionMask = 2147483647;
			files = (
				CE7720682EEFFF50005AB565 /* FirebaseMessaging in Frameworks */,
				CE77206D2EF00037005AB565 /* FirebaseAuth in Frameworks */,
				CEB7B8E72F2751190094E4B4 /* UserNotifications.framework in Frameworks */,
				CE77206F2EF00079005AB565 /* FirebaseAnalytics in Frameworks */,
				CEB7B9E52F276C400094E4B4 /* AppsFlyerLib-Static in Frameworks */,
				CE7720642EEFFF50005AB565 /* FirebaseDatabase in Frameworks */,
				CE7720662EEFFF50005AB565 /* FirebaseInstallations in Frameworks */,
			);
			runOnlyForDeploymentPostprocessing = 0;
		};
/* End PBXFrameworksBuildPhase section */

/* Begin PBXGroup section */
		CE7720692EEFFFEF005AB565 /* Frameworks */ = {
			isa = PBXGroup;
			children = (
				CEB7B8E62F2751190094E4B4 /* UserNotifications.framework */,
			);
			name = Frameworks;
			sourceTree = "<group>";
		};
		CE8728552ED5D40700D557F3 = {
			isa = PBXGroup;
			children = (
				FAE975872F5B185D002866BA /* Molten Burst */,
				CE4006C52ED9C0940054D39F /* AppSettings.plist */,
				CE8728602ED5D40800D557F3 /* IOSTemplate3 */,
				CE87285F2ED5D40800D557F3 /* Products */,
				CE7720692EEFFFEF005AB565 /* Frameworks */,
				CEB7B9232F275B590094E4B4 /* GoogleService-Info.plist */,
			);
			sourceTree = "<group>";
		};
		CE87285F2ED5D40800D557F3 /* Products */ = {
			isa = PBXGroup;
			children = (
				CE87285E2ED5D40800D557F3 /* IOSTemplate3.app */,
			);
			name = Products;
			sourceTree = "<group>";
		};
		FAE9756A2F5B185D002866BA /* MBHelpers */ = {
			isa = PBXGroup;
			children = (
				FAE975672F5B185D002866BA /* ZZCoinBg.swift */,
				FAE975682F5B185D002866BA /* ZZDeviceManager.swift */,
				FAE975692F5B185D002866BA /* ZZUser.swift */,
			);
			path = MBHelpers;
			sourceTree = "<group>";
		};
		FAE975722F5B185D002866BA /* MBAchievements */ = {
			isa = PBXGroup;
			children = (
				FAE975702F5B185D002866BA /* MBAchievementsView.swift */,
				FAE975712F5B185D002866BA /* MBAchievementsViewModel.swift */,
			);
			path = MBAchievements;
			sourceTree = "<group>";
		};
		FAE975742F5B185D002866BA /* MBDaily */ = {
			isa = PBXGroup;
			children = (
				FAE975732F5B185D002866BA /* MBDailyView.swift */,
			);
			path = MBDaily;
			sourceTree = "<group>";
		};
		FAE975782F5B185D002866BA /* MBGame */ = {
			isa = PBXGroup;
			children = (
				FAE975752F5B185D002866BA /* GameView.swift */,
				FAE975762F5B185D002866BA /* GameViewModel.swift */,
				FAE975772F5B185D002866BA /* LaneType.swift */,
			);
			path = MBGame;
			sourceTree = "<group>";
		};
		FAE9757B2F5B185D002866BA /* MBMenu */ = {
			isa = PBXGroup;
			children = (
				FAE975792F5B185D002866BA /* PGLoaderView.swift */,
				FAE9757A2F5B185D002866BA /* PGMenuView.swift */,
			);
			path = MBMenu;
			sourceTree = "<group>";
		};
		FAE9757E2F5B185D002866BA /* MBSettings */ = {
			isa = PBXGroup;
			children = (
				FAE9757C2F5B185D002866BA /* IFSettingsViewModel.swift */,
				FAE9757D2F5B185D002866BA /* MBSettingsView.swift */,
			);
			path = MBSettings;
			sourceTree = "<group>";
		};
		FAE975812F5B185D002866BA /* MBShop */ = {
			isa = PBXGroup;
			children = (
				FAE9757F2F5B185D002866BA /* MBShopView.swift */,
				FAE975802F5B185D002866BA /* MBShopViewModel.swift */,
			);
			path = MBShop;
			sourceTree = "<group>";
		};
		FAE975822F5B185D002866BA /* MBModules */ = {
			isa = PBXGroup;
			children = (
				FAE975722F5B185D002866BA /* MBAchievements */,
				FAE975742F5B185D002866BA /* MBDaily */,
				FAE975782F5B185D002866BA /* MBGame */,
				FAE9757B2F5B185D002866BA /* MBMenu */,
				FAE9757E2F5B185D002866BA /* MBSettings */,
				FAE975812F5B185D002866BA /* MBShop */,
			);
			path = MBModules;
			sourceTree = "<group>";
		};
		FAE975842F5B185D002866BA /* Preview Content */ = {
			isa = PBXGroup;
			children = (
				FAE975832F5B185D002866BA /* Preview Assets.xcassets */,
			);
			path = "Preview Content";
			sourceTree = "<group>";
		};
		FAE975872F5B185D002866BA /* Molten Burst */ = {
			isa = PBXGroup;
			children = (
				FAE9756A2F5B185D002866BA /* MBHelpers */,
				FAE975822F5B185D002866BA /* MBModules */,
				FAE975842F5B185D002866BA /* Preview Content */,
				FAE975852F5B185D002866BA /* Assets.xcassets */,
			);
			path = "Molten Burst";
			sourceTree = "<group>";
		};
/* End PBXGroup section */

/* Begin PBXNativeTarget section */
		CE87285D2ED5D40800D557F3 /* IOSTemplate3 */ = {
			isa = PBXNativeTarget;
			buildConfigurationList = CE8728752ED5D40A00D557F3 /* Build configuration list for PBXNativeTarget "IOSTemplate3" */;
			buildPhases = (
				CE87285A2ED5D40800D557F3 /* Sources */,
				CE87285B2ED5D40800D557F3 /* Frameworks */,
				CE87285C2ED5D40800D557F3 /* Resources */,
			);
			buildRules = (
			);
			dependencies = (
			);
			fileSystemSynchronizedGroups = (
				CE8728602ED5D40800D557F3 /* IOSTemplate3 */,
			);
			name = IOSTemplate3;
			packageProductDependencies = (
				CE7720632EEFFF50005AB565 /* FirebaseDatabase */,
				CE7720652EEFFF50005AB565 /* FirebaseInstallations */,
				CE7720672EEFFF50005AB565 /* FirebaseMessaging */,
				CE77206C2EF00037005AB565 /* FirebaseAuth */,
				CE77206E2EF00079005AB565 /* FirebaseAnalytics */,
				CEB7B9E42F276C400094E4B4 /* AppsFlyerLib-Static */,
			);
			productName = IOSTemplate3;
			productReference = CE87285E2ED5D40800D557F3 /* IOSTemplate3.app */;
			productType = "com.apple.product-type.application";
		};
/* End PBXNativeTarget section */

/* Begin PBXProject section */
		CE8728562ED5D40700D557F3 /* Project object */ = {
			isa = PBXProject;
			attributes = {
				BuildIndependentTargetsInParallel = 1;
				LastSwiftUpdateCheck = 2610;
				LastUpgradeCheck = 2610;
				TargetAttributes = {
					CE87285D2ED5D40800D557F3 = {
						CreatedOnToolsVersion = 26.1;
					};
				};
			};
			buildConfigurationList = CE8728592ED5D40700D557F3 /* Build configuration list for PBXProject "IOSTemplate3" */;
			developmentRegion = en;
			hasScannedForEncodings = 0;
			knownRegions = (
				en,
				Base,
			);
			mainGroup = CE8728552ED5D40700D557F3;
			minimizedProjectReferenceProxies = 1;
			packageReferences = (
				CE7720622EEFFF50005AB565 /* XCRemoteSwiftPackageReference "firebase-ios-sdk" */,
				CEB7B9E32F276C400094E4B4 /* XCRemoteSwiftPackageReference "AppsFlyerFramework-Static" */,
			);
			preferredProjectObjectVersion = 77;
			productRefGroup = CE87285F2ED5D40800D557F3 /* Products */;
			projectDirPath = "";
			projectRoot = "";
			targets = (
				CE87285D2ED5D40800D557F3 /* IOSTemplate3 */,
			);
		};
/* End PBXProject section */

/* Begin PBXResourcesBuildPhase section */
		CE87285C2ED5D40800D557F3 /* Resources */ = {
			isa = PBXResourcesBuildPhase;
			buildActionMask = 2147483647;
			files = (
				CEB7B9242F275B590094E4B4 /* GoogleService-Info.plist in Resources */,
				FAE975882F5B185D002866BA /* Preview Assets.xcassets in Resources */,
				FAE975892F5B185D002866BA /* Assets.xcassets in Resources */,
				CE4006C62ED9C0940054D39F /* AppSettings.plist in Resources */,
			);
			runOnlyForDeploymentPostprocessing = 0;
		};
/* End PBXResourcesBuildPhase section */

/* Begin PBXSourcesBuildPhase section */
		CE87285A2ED5D40800D557F3 /* Sources */ = {
			isa = PBXSourcesBuildPhase;
			buildActionMask = 2147483647;
			files = (
				FAE9758A2F5B185D002866BA /* MBShopView.swift in Sources */,
				FAE9758B2F5B185D002866BA /* MBDailyView.swift in Sources */,
				FAE9758C2F5B185D002866BA /* ZZUser.swift in Sources */,
				FAE9758E2F5B185D002866BA /* MBShopViewModel.swift in Sources */,
				FAE9758F2F5B185D002866BA /* MBSettingsView.swift in Sources */,
				FAE975912F5B185D002866BA /* GameViewModel.swift in Sources */,
				FAE975922F5B185D002866BA /* PGMenuView.swift in Sources */,
				FAE975932F5B185D002866BA /* IFSettingsViewModel.swift in Sources */,
				FAE975942F5B185D002866BA /* MBAchievementsViewModel.swift in Sources */,
				FAE975982F5B185D002866BA /* LaneType.swift in Sources */,
				FAE975992F5B185D002866BA /* GameView.swift in Sources */,
				FAE9759A2F5B185D002866BA /* MBAchievementsView.swift in Sources */,
				FAE9759B2F5B185D002866BA /* ZZCoinBg.swift in Sources */,
				FAE9759C2F5B185D002866BA /* ZZDeviceManager.swift in Sources */,
				FAE9759D2F5B185D002866BA /* PGLoaderView.swift in Sources */,
			);
			runOnlyForDeploymentPostprocessing = 0;
		};
/* End PBXSourcesBuildPhase section */

/* Begin XCBuildConfiguration section */
		CE8728732ED5D40A00D557F3 /* Debug */ = {
			isa = XCBuildConfiguration;
			buildSettings = {
				ALWAYS_SEARCH_USER_PATHS = NO;
				ASSETCATALOG_COMPILER_GENERATE_SWIFT_ASSET_SYMBOL_EXTENSIONS = YES;
				CLANG_ANALYZER_NONNULL = YES;
				CLANG_ANALYZER_NUMBER_OBJECT_CONVERSION = YES_AGGRESSIVE;
				CLANG_CXX_LANGUAGE_STANDARD = "gnu++20";
				CLANG_ENABLE_MODULES = YES;
				CLANG_ENABLE_OBJC_ARC = YES;
				CLANG_ENABLE_OBJC_WEAK = YES;
				CLANG_WARN_BLOCK_CAPTURE_AUTORELEASING = YES;
				CLANG_WARN_BOOL_CONVERSION = YES;
				CLANG_WARN_COMMA = YES;
				CLANG_WARN_CONSTANT_CONVERSION = YES;
				CLANG_WARN_DEPRECATED_OBJC_IMPLEMENTATIONS = YES;
				CLANG_WARN_DIRECT_OBJC_ISA_USAGE = YES_ERROR;
				CLANG_WARN_DOCUMENTATION_COMMENTS = YES;
				CLANG_WARN_EMPTY_BODY = YES;
				CLANG_WARN_ENUM_CONVERSION = YES;
				CLANG_WARN_INFINITE_RECURSION = YES;
				CLANG_WARN_INT_CONVERSION = YES;
				CLANG_WARN_NON_LITERAL_NULL_CONVERSION = YES;
				CLANG_WARN_OBJC_IMPLICIT_RETAIN_SELF = YES;
				CLANG_WARN_OBJC_LITERAL_CONVERSION = YES;
				CLANG_WARN_OBJC_ROOT_CLASS = YES_ERROR;
				CLANG_WARN_QUOTED_INCLUDE_IN_FRAMEWORK_HEADER = YES;
				CLANG_WARN_RANGE_LOOP_ANALYSIS = YES;
				CLANG_WARN_STRICT_PROTOTYPES = YES;
				CLANG_WARN_SUSPICIOUS_MOVE = YES;
				CLANG_WARN_UNGUARDED_AVAILABILITY = YES_AGGRESSIVE;
				CLANG_WARN_UNREACHABLE_CODE = YES;
				CLANG_WARN__DUPLICATE_METHOD_MATCH = YES;
				COPY_PHASE_STRIP = NO;
				DEBUG_INFORMATION_FORMAT = dwarf;
				ENABLE_STRICT_OBJC_MSGSEND = YES;
				ENABLE_TESTABILITY = YES;
				ENABLE_USER_SCRIPT_SANDBOXING = YES;
				GCC_C_LANGUAGE_STANDARD = gnu17;
				GCC_DYNAMIC_NO_PIC = NO;
				GCC_NO_COMMON_BLOCKS = YES;
				GCC_OPTIMIZATION_LEVEL = 0;
				GCC_PREPROCESSOR_DEFINITIONS = (
					"DEBUG=1",
					"$(inherited)",
				);
				GCC_WARN_64_TO_32_BIT_CONVERSION = YES;
				GCC_WARN_ABOUT_RETURN_TYPE = YES_ERROR;
				GCC_WARN_UNDECLARED_SELECTOR = YES;
				GCC_WARN_UNINITIALIZED_AUTOS = YES_AGGRESSIVE;
				GCC_WARN_UNUSED_FUNCTION = YES;
				GCC_WARN_UNUSED_VARIABLE = YES;
				IPHONEOS_DEPLOYMENT_TARGET = 26.1;
				LOCALIZATION_PREFERS_STRING_CATALOGS = YES;
				MTL_ENABLE_DEBUG_INFO = INCLUDE_SOURCE;
				MTL_FAST_MATH = YES;
				ONLY_ACTIVE_ARCH = YES;
				SDKROOT = iphoneos;
				SWIFT_ACTIVE_COMPILATION_CONDITIONS = "DEBUG $(inherited)";
				SWIFT_OPTIMIZATION_LEVEL = "-Onone";
			};
			name = Debug;
		};
		CE8728742ED5D40A00D557F3 /* Release */ = {
			isa = XCBuildConfiguration;
			buildSettings = {
				ALWAYS_SEARCH_USER_PATHS = NO;
				ASSETCATALOG_COMPILER_GENERATE_SWIFT_ASSET_SYMBOL_EXTENSIONS = YES;
				CLANG_ANALYZER_NONNULL = YES;
				CLANG_ANALYZER_NUMBER_OBJECT_CONVERSION = YES_AGGRESSIVE;
				CLANG_CXX_LANGUAGE_STANDARD = "gnu++20";
				CLANG_ENABLE_MODULES = YES;
				CLANG_ENABLE_OBJC_ARC = YES;
				CLANG_ENABLE_OBJC_WEAK = YES;
				CLANG_WARN_BLOCK_CAPTURE_AUTORELEASING = YES;
				CLANG_WARN_BOOL_CONVERSION = YES;
				CLANG_WARN_COMMA = YES;
				CLANG_WARN_CONSTANT_CONVERSION = YES;
				CLANG_WARN_DEPRECATED_OBJC_IMPLEMENTATIONS = YES;
				CLANG_WARN_DIRECT_OBJC_ISA_USAGE = YES_ERROR;
				CLANG_WARN_DOCUMENTATION_COMMENTS = YES;
				CLANG_WARN_EMPTY_BODY = YES;
				CLANG_WARN_ENUM_CONVERSION = YES;
				CLANG_WARN_INFINITE_RECURSION = YES;
				CLANG_WARN_INT_CONVERSION = YES;
				CLANG_WARN_NON_LITERAL_NULL_CONVERSION = YES;
				CLANG_WARN_OBJC_IMPLICIT_RETAIN_SELF = YES;
				CLANG_WARN_OBJC_LITERAL_CONVERSION = YES;
				CLANG_WARN_OBJC_ROOT_CLASS = YES_ERROR;
				CLANG_WARN_QUOTED_INCLUDE_IN_FRAMEWORK_HEADER = YES;
				CLANG_WARN_RANGE_LOOP_ANALYSIS = YES;
				CLANG_WARN_STRICT_PROTOTYPES = YES;
				CLANG_WARN_SUSPICIOUS_MOVE = YES;
				CLANG_WARN_UNGUARDED_AVAILABILITY = YES_AGGRESSIVE;
				CLANG_WARN_UNREACHABLE_CODE = YES;
				CLANG_WARN__DUPLICATE_METHOD_MATCH = YES;
				COPY_PHASE_STRIP = NO;
				DEBUG_INFORMATION_FORMAT = "dwarf-with-dsym";
				ENABLE_NS_ASSERTIONS = NO;
				ENABLE_STRICT_OBJC_MSGSEND = YES;
				ENABLE_USER_SCRIPT_SANDBOXING = YES;
				GCC_C_LANGUAGE_STANDARD = gnu17;
				GCC_NO_COMMON_BLOCKS = YES;
				GCC_WARN_64_TO_32_BIT_CONVERSION = YES;
				GCC_WARN_ABOUT_RETURN_TYPE = YES_ERROR;
				GCC_WARN_UNDECLARED_SELECTOR = YES;
				GCC_WARN_UNINITIALIZED_AUTOS = YES_AGGRESSIVE;
				GCC_WARN_UNUSED_FUNCTION = YES;
				GCC_WARN_UNUSED_VARIABLE = YES;
				IPHONEOS_DEPLOYMENT_TARGET = 26.1;
				LOCALIZATION_PREFERS_STRING_CATALOGS = YES;
				MTL_ENABLE_DEBUG_INFO = NO;
				MTL_FAST_MATH = YES;
				SDKROOT = iphoneos;
				SWIFT_COMPILATION_MODE = wholemodule;
				VALIDATE_PRODUCT = YES;
			};
			name = Release;
		};
		CE8728762ED5D40A00D557F3 /* Debug */ = {
			isa = XCBuildConfiguration;
			buildSettings = {
				ASSETCATALOG_COMPILER_APPICON_NAME = AppIcon;
				ASSETCATALOG_COMPILER_GLOBAL_ACCENT_COLOR_NAME = AccentColor;
				CODE_SIGN_ENTITLEMENTS = IOSTemplate3/IOSTemplate3.entitlements;
				CODE_SIGN_IDENTITY = "Apple Development";
				CODE_SIGN_STYLE = Automatic;
				CURRENT_PROJECT_VERSION = 1;
				DEVELOPMENT_TEAM = TZCUKDMG3L;
				GENERATE_INFOPLIST_FILE = YES;
				INFOPLIST_FILE = IOSTemplate3/Info.plist;
				INFOPLIST_KEY_CFBundleDisplayName = "Molten Burst";
				INFOPLIST_KEY_NSCameraUsageDescription = "Allow access to the camera to take photos and videos.";
				INFOPLIST_KEY_NSMicrophoneUsageDescription = "Allow microphone access to record audio";
				INFOPLIST_KEY_NSPhotoLibraryUsageDescription = "Allow access to the photo library to save photos and videos.";
				INFOPLIST_KEY_UIApplicationSupportsIndirectInputEvents = YES;
				INFOPLIST_KEY_UILaunchStoryboardName = LaunchScreen;
				INFOPLIST_KEY_UIMainStoryboardFile = LaunchScreen;
				INFOPLIST_KEY_UIStatusBarHidden = YES;
				INFOPLIST_KEY_UISupportedInterfaceOrientations_iPad = "UIInterfaceOrientationPortrait UIInterfaceOrientationPortraitUpsideDown UIInterfaceOrientationLandscapeLeft UIInterfaceOrientationLandscapeRight";
				INFOPLIST_KEY_UISupportedInterfaceOrientations_iPhone = "UIInterfaceOrientationPortrait UIInterfaceOrientationLandscapeLeft UIInterfaceOrientationLandscapeRight";
				IPHONEOS_DEPLOYMENT_TARGET = 17;
				LD_RUNPATH_SEARCH_PATHS = (
					"$(inherited)",
					"@executable_path/Frameworks",
				);
				MARKETING_VERSION = 1.1;
				PRODUCT_BUNDLE_IDENTIFIER = com.moltenburst.play;
				PRODUCT_NAME = "$(TARGET_NAME)";
				PROVISIONING_PROFILE_SPECIFIER = "";
				STRING_CATALOG_GENERATE_SYMBOLS = YES;
				SUPPORTED_PLATFORMS = "iphoneos iphonesimulator";
				SUPPORTS_MACCATALYST = NO;
				SUPPORTS_MAC_DESIGNED_FOR_IPHONE_IPAD = NO;
				SUPPORTS_XR_DESIGNED_FOR_IPHONE_IPAD = NO;
				SWIFT_APPROACHABLE_CONCURRENCY = YES;
				SWIFT_DEFAULT_ACTOR_ISOLATION = MainActor;
				SWIFT_EMIT_LOC_STRINGS = YES;
				SWIFT_UPCOMING_FEATURE_MEMBER_IMPORT_VISIBILITY = YES;
				SWIFT_VERSION = 5.0;
				TARGETED_DEVICE_FAMILY = 1;
			};
			name = Debug;
		};
		CE8728772ED5D40A00D557F3 /* Release */ = {
			isa = XCBuildConfiguration;
			buildSettings = {
				ASSETCATALOG_COMPILER_APPICON_NAME = AppIcon;
				ASSETCATALOG_COMPILER_GLOBAL_ACCENT_COLOR_NAME = AccentColor;
				CODE_SIGN_ENTITLEMENTS = IOSTemplate3/IOSTemplate3.entitlements;
				CODE_SIGN_IDENTITY = "Apple Development";
				CODE_SIGN_STYLE = Automatic;
				CURRENT_PROJECT_VERSION = 1;
				DEVELOPMENT_TEAM = TZCUKDMG3L;
				GENERATE_INFOPLIST_FILE = YES;
				INFOPLIST_FILE = IOSTemplate3/Info.plist;
				INFOPLIST_KEY_CFBundleDisplayName = "Molten Burst";
				INFOPLIST_KEY_NSCameraUsageDescription = "Allow access to the camera to take photos and videos.";
				INFOPLIST_KEY_NSMicrophoneUsageDescription = "Allow microphone access to record audio";
				INFOPLIST_KEY_NSPhotoLibraryUsageDescription = "Allow access to the photo library to save photos and videos.";
				INFOPLIST_KEY_UIApplicationSupportsIndirectInputEvents = YES;
				INFOPLIST_KEY_UILaunchStoryboardName = LaunchScreen;
				INFOPLIST_KEY_UIMainStoryboardFile = LaunchScreen;
				INFOPLIST_KEY_UIStatusBarHidden = YES;
				INFOPLIST_KEY_UISupportedInterfaceOrientations_iPad = "UIInterfaceOrientationPortrait UIInterfaceOrientationPortraitUpsideDown UIInterfaceOrientationLandscapeLeft UIInterfaceOrientationLandscapeRight";
				INFOPLIST_KEY_UISupportedInterfaceOrientations_iPhone = "UIInterfaceOrientationPortrait UIInterfaceOrientationLandscapeLeft UIInterfaceOrientationLandscapeRight";
				IPHONEOS_DEPLOYMENT_TARGET = 17;
				LD_RUNPATH_SEARCH_PATHS = (
					"$(inherited)",
					"@executable_path/Frameworks",
				);
				MARKETING_VERSION = 1.1;
				PRODUCT_BUNDLE_IDENTIFIER = com.moltenburst.play;
				PRODUCT_NAME = "$(TARGET_NAME)";
				PROVISIONING_PROFILE_SPECIFIER = "";
				STRING_CATALOG_GENERATE_SYMBOLS = YES;
				SUPPORTED_PLATFORMS = "iphoneos iphonesimulator";
				SUPPORTS_MACCATALYST = NO;
				SUPPORTS_MAC_DESIGNED_FOR_IPHONE_IPAD = NO;
				SUPPORTS_XR_DESIGNED_FOR_IPHONE_IPAD = NO;
				SWIFT_APPROACHABLE_CONCURRENCY = YES;
				SWIFT_DEFAULT_ACTOR_ISOLATION = MainActor;
				SWIFT_EMIT_LOC_STRINGS = YES;
				SWIFT_UPCOMING_FEATURE_MEMBER_IMPORT_VISIBILITY = YES;
				SWIFT_VERSION = 5.0;
				TARGETED_DEVICE_FAMILY = 1;
			};
			name = Release;
		};
/* End XCBuildConfiguration section */

/* Begin XCConfigurationList section */
		CE8728592ED5D40700D557F3 /* Build configuration list for PBXProject "IOSTemplate3" */ = {
			isa = XCConfigurationList;
			buildConfigurations = (
				CE8728732ED5D40A00D557F3 /* Debug */,
				CE8728742ED5D40A00D557F3 /* Release */,
			);
			defaultConfigurationIsVisible = 0;
			defaultConfigurationName = Release;
		};
		CE8728752ED5D40A00D557F3 /* Build configuration list for PBXNativeTarget "IOSTemplate3" */ = {
			isa = XCConfigurationList;
			buildConfigurations = (
				CE8728762ED5D40A00D557F3 /* Debug */,
				CE8728772ED5D40A00D557F3 /* Release */,
			);
			defaultConfigurationIsVisible = 0;
			defaultConfigurationName = Release;
		};
/* End XCConfigurationList section */

/* Begin XCRemoteSwiftPackageReference section */
		CE7720622EEFFF50005AB565 /* XCRemoteSwiftPackageReference "firebase-ios-sdk" */ = {
			isa = XCRemoteSwiftPackageReference;
			repositoryURL = "https://github.com/firebase/firebase-ios-sdk";
			requirement = {
				kind = upToNextMajorVersion;
				minimumVersion = 12.7.0;
			};
		};
		CEB7B9E32F276C400094E4B4 /* XCRemoteSwiftPackageReference "AppsFlyerFramework-Static" */ = {
			isa = XCRemoteSwiftPackageReference;
			repositoryURL = "https://github.com/AppsFlyerSDK/AppsFlyerFramework-Static";
			requirement = {
				kind = upToNextMajorVersion;
				minimumVersion = 6.17.8;
			};
		};
/* End XCRemoteSwiftPackageReference section */

/* Begin XCSwiftPackageProductDependency section */
		CE7720632EEFFF50005AB565 /* FirebaseDatabase */ = {
			isa = XCSwiftPackageProductDependency;
			package = CE7720622EEFFF50005AB565 /* XCRemoteSwiftPackageReference "firebase-ios-sdk" */;
			productName = FirebaseDatabase;
		};
		CE7720652EEFFF50005AB565 /* FirebaseInstallations */ = {
			isa = XCSwiftPackageProductDependency;
			package = CE7720622EEFFF50005AB565 /* XCRemoteSwiftPackageReference "firebase-ios-sdk" */;
			productName = FirebaseInstallations;
		};
		CE7720672EEFFF50005AB565 /* FirebaseMessaging */ = {
			isa = XCSwiftPackageProductDependency;
			package = CE7720622EEFFF50005AB565 /* XCRemoteSwiftPackageReference "firebase-ios-sdk" */;
			productName = FirebaseMessaging;
		};
		CE77206C2EF00037005AB565 /* FirebaseAuth */ = {
			isa = XCSwiftPackageProductDependency;
			package = CE7720622EEFFF50005AB565 /* XCRemoteSwiftPackageReference "firebase-ios-sdk" */;
			productName = FirebaseAuth;
		};
		CE77206E2EF00079005AB565 /* FirebaseAnalytics */ = {
			isa = XCSwiftPackageProductDependency;
			package = CE7720622EEFFF50005AB565 /* XCRemoteSwiftPackageReference "firebase-ios-sdk" */;
			productName = FirebaseAnalytics;
		};
		CEB7B9E42F276C400094E4B4 /* AppsFlyerLib-Static */ = {
			isa = XCSwiftPackageProductDependency;
			package = CEB7B9E32F276C400094E4B4 /* XCRemoteSwiftPackageReference "AppsFlyerFramework-Static" */;
			productName = "AppsFlyerLib-Static";
		};
/* End XCSwiftPackageProductDependency section */
	};
	rootObject = CE8728562ED5D40700D557F3 /* Project object */;
}
